
Microsoft Visual Studio Solution File, Format Version 12.00
# Visual Studio Version 17
VisualStudioVersion = 17.6.33712.159
MinimumVisualStudioVersion = 10.0.40219.1
Project("{FAE04EC0-301F-11D3-BF4B-00C04F79EFBC}") = "06AppPedidos", "06AppPedidos\06AppPedidos.csproj", "{101DA73E-FE9A-45DB-8090-517F04728931}"
EndProject
Project("{FAE04EC0-301F-11D3-BF4B-00C04F79EFBC}") = "06libPedidos", "06libPedidos\06libPedidos.csproj", "{1400DB43-6F78-4842-8FEF-18452DC570C0}"
EndProject
Global
	GlobalSection(SolutionConfigurationPlatforms) = preSolution
		Debug|Any CPU = Debug|Any CPU
		Release|Any CPU = Release|Any CPU
	EndGlobalSection
	GlobalSection(ProjectConfigurationPlatforms) = postSolution
		{101DA73E-FE9A-45DB-8090-517F04728931}.Debug|Any CPU.ActiveCfg = Debug|Any CPU
		{101DA73E-FE9A-45DB-8090-517F04728931}.Debug|Any CPU.Build.0 = Debug|Any CPU
		{101DA73E-FE9A-45DB-8090-517F04728931}.Release|Any CPU.ActiveCfg = Release|Any CPU
		{101DA73E-FE9A-45DB-8090-517F04728931}.Release|Any CPU.Build.0 = Release|Any CPU
		{1400DB43-6F78-4842-8FEF-18452DC570C0}.Debug|Any CPU.ActiveCfg = Debug|Any CPU
		{1400DB43-6F78-4842-8FEF-18452DC570C0}.Debug|Any CPU.Build.0 = Debug|Any CPU
		{1400DB43-6F78-4842-8FEF-18452DC570C0}.Release|Any CPU.ActiveCfg = Release|Any CPU
		{1400DB43-6F78-4842-8FEF-18452DC570C0}.Release|Any CPU.Build.0 = Release|Any CPU
	EndGlobalSection
	GlobalSection(SolutionProperties) = preSolution
		HideSolutionNode = FALSE
	EndGlobalSection
	GlobalSection(ExtensibilityGlobals) = postSolution
		SolutionGuid = {EF317CC1-448C-43AB-838F-CEEE1017E8A5}
	EndGlobalSection
EndGlobal
